// !$*UTF8*$!
{
	archiveVersion = 1;
	classes = {
	};
	objectVersion = 50;
	objects = {

/* Begin PBXBuildFile section */
		8ABAC85427ECC2E100E362CA /* DatosClima.swift in Sources */ = {isa = PBXBuildFile; fileRef = 8ABAC85327ECC2E100E362CA /* DatosClima.swift */; };
		8ABAC85727ECC3BB00E362CA /* ClimaModelo.swift in Sources */ = {isa = PBXBuildFile; fileRef = 8ABAC85627ECC3BB00E362CA /* ClimaModelo.swift */; };
		8ABEF67027E387210028BA76 /* AppDelegate.swift in Sources */ = {isa = PBXBuildFile; fileRef = 8ABEF66F27E387210028BA76 /* AppDelegate.swift */; };
		8ABEF67227E387210028BA76 /* SceneDelegate.swift in Sources */ = {isa = PBXBuildFile; fileRef = 8ABEF67127E387210028BA76 /* SceneDelegate.swift */; };
		8ABEF67427E387210028BA76 /* ViewController.swift in Sources */ = {isa = PBXBuildFile; fileRef = 8ABEF67327E387210028BA76 /* ViewController.swift */; };
		8ABEF67727E387210028BA76 /* Main.storyboard in Resources */ = {isa = PBXBuildFile; fileRef = 8ABEF67527E387210028BA76 /* Main.storyboard */; };
		8ABEF67927E3872A0028BA76 /* Assets.xcassets in Resources */ = {isa = PBXBuildFile; fileRef = 8ABEF67827E3872A0028BA76 /* Assets.xcassets */; };
		8ABEF67C27E3872A0028BA76 /* LaunchScreen.storyboard in Resources */ = {isa = PBXBuildFile; fileRef = 8ABEF67A27E3872A0028BA76 /* LaunchScreen.storyboard */; };
		8AE6EC1627EB73A600030BA2 /* ClimaManager.swift in Sources */ = {isa = PBXBuildFile; fileRef = 8AE6EC1527EB73A600030BA2 /* ClimaManager.swift */; };
/* End PBXBuildFile section */

/* Begin PBXFileReference section */
		8ABAC85327ECC2E100E362CA /* DatosClima.swift */ = {isa = PBXFileReference; lastKnownFileType = sourcecode.swift; path = DatosClima.swift; sourceTree = "<group>"; };
		8ABAC85627ECC3BB00E362CA /* ClimaModelo.swift */ = {isa = PBXFileReference; lastKnownFileType = sourcecode.swift; path = ClimaModelo.swift; sourceTree = "<group>"; };
		8ABEF66C27E387210028BA76 /* Clima.app */ = {isa = PBXFileReference; explicitFileType = wrapper.application; includeInIndex = 0; path = Clima.app; sourceTree = BUILT_PRODUCTS_DIR; };
		8ABEF66F27E387210028BA76 /* AppDelegate.swift */ = {isa = PBXFileReference; lastKnownFileType = sourcecode.swift; path = AppDelegate.swift; sourceTree = "<group>"; };
		8ABEF67127E387210028BA76 /* SceneDelegate.swift */ = {isa = PBXFileReference; lastKnownFileType = sourcecode.swift; path = SceneDelegate.swift; sourceTree = "<group>"; };
		8ABEF67327E387210028BA76 /* ViewController.swift */ = {isa = PBXFileReference; lastKnownFileType = sourcecode.swift; path = ViewController.swift; sourceTree = "<group>"; };
		8ABEF67627E387210028BA76 /* Base */ = {isa = PBXFileReference; lastKnownFileType = file.storyboard; name = Base; path = Base.lproj/Main.storyboard; sourceTree = "<group>"; };
		8ABEF67827E3872A0028BA76 /* Assets.xcassets */ = {isa = PBXFileReference; lastKnownFileType = folder.assetcatalog; path = Assets.xcassets; sourceTree = "<group>"; };
		8ABEF67B27E3872A0028BA76 /* Base */ = {isa = PBXFileReference; lastKnownFileType = file.storyboard; name = Base; path = Base.lproj/LaunchScreen.storyboard; sourceTree = "<group>"; };
		8ABEF67D27E3872A0028BA76 /* Info.plist */ = {isa = PBXFileReference; lastKnownFileType = text.plist.xml; path = Info.plist; sourceTree = "<group>"; };
		8AE6EC1527EB73A600030BA2 /* ClimaManager.swift */ = {isa = PBXFileReference; lastKnownFileType = sourcecode.swift; path = ClimaManager.swift; sourceTree = "<group>"; };
/* End PBXFileReference section */

/* Begin PBXFrameworksBuildPhase section */
		8ABEF66927E387210028BA76 /* Frameworks */ = {
			isa = PBXFrameworksBuildPhase;
			buildActionMask = 2147483647;
			files = (
			);
			runOnlyForDeploymentPostprocessing = 0;
		};
/* End PBXFrameworksBuildPhase section */

/* Begin PBXGroup section */
		8ABEF66327E387210028BA76 = {
			isa = PBXGroup;
			children = (
				8ABEF66E27E387210028BA76 /* Clima */,
				8ABEF66D27E387210028BA76 /* Products */,
			);
			sourceTree = "<group>";
		};
		8ABEF66D27E387210028BA76 /* Products */ = {
			isa = PBXGroup;
			children = (
				8ABEF66C27E387210028BA76 /* Clima.app */,
			);
			name = Products;
			sourceTree = "<group>";
		};
		8ABEF66E27E387210028BA76 /* Clima */ = {
			isa = PBXGroup;
			children = (
				8ABEF66F27E387210028BA76 /* AppDelegate.swift */,
				8ABEF67127E387210028BA76 /* SceneDelegate.swift */,
				8ABEF67327E387210028BA76 /* ViewController.swift */,
				8ABEF67527E387210028BA76 /* Main.storyboard */,
				8ABEF67827E3872A0028BA76 /* Assets.xcassets */,
				8ABEF67A27E3872A0028BA76 /* LaunchScreen.storyboard */,
				8ABEF67D27E3872A0028BA76 /* Info.plist */,
				8AE6EC1527EB73A600030BA2 /* ClimaManager.swift */,
				8ABAC85327ECC2E100E362CA /* DatosClima.swift */,
				8ABAC85627ECC3BB00E362CA /* ClimaModelo.swift */,
			);
			path = Clima;
			sourceTree = "<group>";
		};
/* End PBXGroup section */

/* Begin PBXNativeTarget section */
		8ABEF66B27E387210028BA76 /* Clima */ = {
			isa = PBXNativeTarget;
			buildConfigurationList = 8ABEF68027E3872A0028BA76 /* Build configuration list for PBXNativeTarget "Clima" */;
			buildPhases = (
				8ABEF66827E387210028BA76 /* Sources */,
				8ABEF66927E387210028BA76 /* Frameworks */,
				8ABEF66A27E387210028BA76 /* Resources */,
			);
			buildRules = (
			);
			dependencies = (
			);
			name = Clima;
			productName = Clima;
			productReference = 8ABEF66C27E387210028BA76 /* Clima.app */;
			productType = "com.apple.product-type.application";
		};
/* End PBXNativeTarget section */

/* Begin PBXProject section */
		8ABEF66427E387210028BA76 /* Project object */ = {
			isa = PBXProject;
			attributes = {
				LastSwiftUpdateCheck = 1240;
				LastUpgradeCheck = 1240;
				TargetAttributes = {
					8ABEF66B27E387210028BA76 = {
						CreatedOnToolsVersion = 12.4;
					};
				};
			};
			buildConfigurationList = 8ABEF66727E387210028BA76 /* Build configuration list for PBXProject "Clima" */;
			compatibilityVersion = "Xcode 9.3";
			developmentRegion = en;
			hasScannedForEncodings = 0;
			knownRegions = (
				en,
				Base,
			);
			mainGroup = 8ABEF66327E387210028BA76;
			productRefGroup = 8ABEF66D27E387210028BA76 /* Products */;
			projectDirPath = "";
			projectRoot = "";
			targets = (
				8ABEF66B27E387210028BA76 /* Clima */,
			);
		};
/* End PBXProject section */

/* Begin PBXResourcesBuildPhase section */
		8ABEF66A27E387210028BA76 /* Resources */ = {
			isa = PBXResourcesBuildPhase;
			buildActionMask = 2147483647;
			files = (
				8ABEF67C27E3872A0028BA76 /* LaunchScreen.storyboard in Resources */,
				8ABEF67927E3872A0028BA76 /* Assets.xcassets in Resources */,
				8ABEF67727E387210028BA76 /* Main.storyboard in Resources */,
			);
			runOnlyForDeploymentPostprocessing = 0;
		};
/* End PBXResourcesBuildPhase section */

/* Begin PBXSourcesBuildPhase section */
		8ABEF66827E387210028BA76 /* Sources */ = {
			isa = PBXSourcesBuildPhase;
			buildActionMask = 2147483647;
			files = (
				8ABAC85727ECC3BB00E362CA /* ClimaModelo.swift in Sources */,
				8ABEF67427E387210028BA76 /* ViewController.swift in Sources */,
				8ABAC85427ECC2E100E362CA /* DatosClima.swift in Sources */,
				8ABEF67027E387210028BA76 /* AppDelegate.swift in Sources */,
				8AE6EC1627EB73A600030BA2 /* ClimaManager.swift in Sources */,
				8ABEF67227E387210028BA76 /* SceneDelegate.swift in Sources */,
			);
			runOnlyForDeploymentPostprocessing = 0;
		};
/* End PBXSourcesBuildPhase section */

/* Begin PBXVariantGroup section */
		8ABEF67527E387210028BA76 /* Main.storyboard */ = {
			isa = PBXVariantGroup;
			children = (
				8ABEF67627E387210028BA76 /* Base */,
			);
			name = Main.storyboard;
			sourceTree = "<group>";
		};
		8ABEF67A27E3872A0028BA76 /* LaunchScreen.storyboard */ = {
			isa = PBXVariantGroup;
			children = (
				8ABEF67B27E3872A0028BA76 /* Base */,
			);
			name = LaunchScreen.storyboard;
			sourceTree = "<group>";
		};
/* End PBXVariantGroup section */

/* Begin XCBuildConfiguration section */
		8ABEF67E27E3872A0028BA76 /* Debug */ = {
			isa = XCBuildConfiguration;
			buildSettings = {
				ALWAYS_SEARCH_USER_PATHS = NO;
				CLANG_ANALYZER_NONNULL = YES;
				CLANG_ANALYZER_NUMBER_OBJECT_CONVERSION = YES_AGGRESSIVE;
				CLANG_CXX_LANGUAGE_STANDARD = "gnu++14";
				CLANG_CXX_LIBRARY = "libc++";
				CLANG_ENABLE_MODULES = YES;
				CLANG_ENABLE_OBJC_ARC = YES;
				CLANG_ENABLE_OBJC_WEAK = YES;
				CLANG_WARN_BLOCK_CAPTURE_AUTORELEASING = YES;
				CLANG_WARN_BOOL_CONVERSION = YES;
				CLANG_WARN_COMMA = YES;
				CLANG_WARN_CONSTANT_CONVERSION = YES;
				CLANG_WARN_DEPRECATED_OBJC_IMPLEMENTATIONS = YES;
				CLANG_WARN_DIRECT_OBJC_ISA_USAGE = YES_ERROR;
				CLANG_WARN_DOCUMENTATION_COMMENTS = YES;
				CLANG_WARN_EMPTY_BODY = YES;
				CLANG_WARN_ENUM_CONVERSION = YES;
				CLANG_WARN_INFINITE_RECURSION = YES;
				CLANG_WARN_INT_CONVERSION = YES;
				CLANG_WARN_NON_LITERAL_NULL_CONVERSION = YES;
				CLANG_WARN_OBJC_IMPLICIT_RETAIN_SELF = YES;
				CLANG_WARN_OBJC_LITERAL_CONVERSION = YES;
				CLANG_WARN_OBJC_ROOT_CLASS = YES_ERROR;
				CLANG_WARN_QUOTED_INCLUDE_IN_FRAMEWORK_HEADER = YES;
				CLANG_WARN_RANGE_LOOP_ANALYSIS = YES;
				CLANG_WARN_STRICT_PROTOTYPES = YES;
				CLANG_WARN_SUSPICIOUS_MOVE = YES;
				CLANG_WARN_UNGUARDED_AVAILABILITY = YES_AGGRESSIVE;
				CLANG_WARN_UNREACHABLE_CODE = YES;
				CLANG_WARN__DUPLICATE_METHOD_MATCH = YES;
				COPY_PHASE_STRIP = NO;
				DEBUG_INFORMATION_FORMAT = dwarf;
				ENABLE_STRICT_OBJC_MSGSEND = YES;
				ENABLE_TESTABILITY = YES;
				GCC_C_LANGUAGE_STANDARD = gnu11;
				GCC_DYNAMIC_NO_PIC = NO;
				GCC_NO_COMMON_BLOCKS = YES;
				GCC_OPTIMIZATION_LEVEL = 0;
				GCC_PREPROCESSOR_DEFINITIONS = (
					"DEBUG=1",
					"$(inherited)",
				);
				GCC_WARN_64_TO_32_BIT_CONVERSION = YES;
				GCC_WARN_ABOUT_RETURN_TYPE = YES_ERROR;
				GCC_WARN_UNDECLARED_SELECTOR = YES;
				GCC_WARN_UNINITIALIZED_AUTOS = YES_AGGRESSIVE;
				GCC_WARN_UNUSED_FUNCTION = YES;
				GCC_WARN_UNUSED_VARIABLE = YES;
				IPHONEOS_DEPLOYMENT_TARGET = 14.4;
				MTL_ENABLE_DEBUG_INFO = INCLUDE_SOURCE;
				MTL_FAST_MATH = YES;
				ONLY_ACTIVE_ARCH = YES;
				SDKROOT = iphoneos;
				SWIFT_ACTIVE_COMPILATION_CONDITIONS = DEBUG;
				SWIFT_OPTIMIZATION_LEVEL = "-Onone";
			};
			name = Debug;
		};
		8ABEF67F27E3872A0028BA76 /* Release */ = {
			isa = XCBuildConfiguration;
			buildSettings = {
				ALWAYS_SEARCH_USER_PATHS = NO;
				CLANG_ANALYZER_NONNULL = YES;
				CLANG_ANALYZER_NUMBER_OBJECT_CONVERSION = YES_AGGRESSIVE;
				CLANG_CXX_LANGUAGE_STANDARD = "gnu++14";
				CLANG_CXX_LIBRARY = "libc++";
				CLANG_ENABLE_MODULES = YES;
				CLANG_ENABLE_OBJC_ARC = YES;
				CLANG_ENABLE_OBJC_WEAK = YES;
				CLANG_WARN_BLOCK_CAPTURE_AUTORELEASING = YES;
				CLANG_WARN_BOOL_CONVERSION = YES;
				CLANG_WARN_COMMA = YES;
				CLANG_WARN_CONSTANT_CONVERSION = YES;
				CLANG_WARN_DEPRECATED_OBJC_IMPLEMENTATIONS = YES;
				CLANG_WARN_DIRECT_OBJC_ISA_USAGE = YES_ERROR;
				CLANG_WARN_DOCUMENTATION_COMMENTS = YES;
				CLANG_WARN_EMPTY_BODY = YES;
				CLANG_WARN_ENUM_CONVERSION = YES;
				CLANG_WARN_INFINITE_RECURSION = YES;
				CLANG_WARN_INT_CONVERSION = YES;
				CLANG_WARN_NON_LITERAL_NULL_CONVERSION = YES;
				CLANG_WARN_OBJC_IMPLICIT_RETAIN_SELF = YES;
				CLANG_WARN_OBJC_LITERAL_CONVERSION = YES;
				CLANG_WARN_OBJC_ROOT_CLASS = YES_ERROR;
				CLANG_WARN_QUOTED_INCLUDE_IN_FRAMEWORK_HEADER = YES;
				CLANG_WARN_RANGE_LOOP_ANALYSIS = YES;
				CLANG_WARN_STRICT_PROTOTYPES = YES;
				CLANG_WARN_SUSPICIOUS_MOVE = YES;
				CLANG_WARN_UNGUARDED_AVAILABILITY = YES_AGGRESSIVE;
				CLANG_WARN_UNREACHABLE_CODE = YES;
				CLANG_WARN__DUPLICATE_METHOD_MATCH = YES;
				COPY_PHASE_STRIP = NO;
				DEBUG_INFORMATION_FORMAT = "dwarf-with-dsym";
				ENABLE_NS_ASSERTIONS = NO;
				ENABLE_STRICT_OBJC_MSGSEND = YES;
				GCC_C_LANGUAGE_STANDARD = gnu11;
				GCC_NO_COMMON_BLOCKS = YES;
				GCC_WARN_64_TO_32_BIT_CONVERSION = YES;
				GCC_WARN_ABOUT_RETURN_TYPE = YES_ERROR;
				GCC_WARN_UNDECLARED_SELECTOR = YES;
				GCC_WARN_UNINITIALIZED_AUTOS = YES_AGGRESSIVE;
				GCC_WARN_UNUSED_FUNCTION = YES;
				GCC_WARN_UNUSED_VARIABLE = YES;
				IPHONEOS_DEPLOYMENT_TARGET = 14.4;
				MTL_ENABLE_DEBUG_INFO = NO;
				MTL_FAST_MATH = YES;
				SDKROOT = iphoneos;
				SWIFT_COMPILATION_MODE = wholemodule;
				SWIFT_OPTIMIZATION_LEVEL = "-O";
				VALIDATE_PRODUCT = YES;
			};
			name = Release;
		};
		8ABEF68127E3872A0028BA76 /* Debug */ = {
			isa = XCBuildConfiguration;
			buildSettings = {
				ASSETCATALOG_COMPILER_APPICON_NAME = AppIcon;
				ASSETCATALOG_COMPILER_GLOBAL_ACCENT_COLOR_NAME = AccentColor;
				CODE_SIGN_STYLE = Automatic;
				INFOPLIST_FILE = Clima/Info.plist;
				LD_RUNPATH_SEARCH_PATHS = (
					"$(inherited)",
					"@executable_path/Frameworks",
				);
				PRODUCT_BUNDLE_IDENTIFIER = programacion.movil.Clima;
				PRODUCT_NAME = "$(TARGET_NAME)";
				SWIFT_VERSION = 5.0;
				TARGETED_DEVICE_FAMILY = "1,2";
			};
			name = Debug;
		};
		8ABEF68227E3872A0028BA76 /* Release */ = {
			isa = XCBuildConfiguration;
			buildSettings = {
				ASSETCATALOG_COMPILER_APPICON_NAME = AppIcon;
				ASSETCATALOG_COMPILER_GLOBAL_ACCENT_COLOR_NAME = AccentColor;
				CODE_SIGN_STYLE = Automatic;
				INFOPLIST_FILE = Clima/Info.plist;
				LD_RUNPATH_SEARCH_PATHS = (
					"$(inherited)",
					"@executable_path/Frameworks",
				);
				PRODUCT_BUNDLE_IDENTIFIER = programacion.movil.Clima;
				PRODUCT_NAME = "$(TARGET_NAME)";
				SWIFT_VERSION = 5.0;
				TARGETED_DEVICE_FAMILY = "1,2";
			};
			name = Release;
		};
/* End XCBuildConfiguration section */

/* Begin XCConfigurationList section */
		8ABEF66727E387210028BA76 /* Build configuration list for PBXProject "Clima" */ = {
			isa = XCConfigurationList;
			buildConfigurations = (
				8ABEF67E27E3872A0028BA76 /* Debug */,
				8ABEF67F27E3872A0028BA76 /* Release */,
			);
			defaultConfigurationIsVisible = 0;
			defaultConfigurationName = Release;
		};
		8ABEF68027E3872A0028BA76 /* Build configuration list for PBXNativeTarget "Clima" */ = {
			isa = XCConfigurationList;
			buildConfigurations = (
				8ABEF68127E3872A0028BA76 /* Debug */,
				8ABEF68227E3872A0028BA76 /* Release */,
			);
			defaultConfigurationIsVisible = 0;
			defaultConfigurationName = Release;
		};
/* End XCConfigurationList section */
	};
	rootObject = 8ABEF66427E387210028BA76 /* Project object */;
}
